
Microsoft Visual Studio Solution File, Format Version 12.00
# Visual Studio Version 17
VisualStudioVersion = 17.7.34024.191
MinimumVisualStudioVersion = 10.0.40219.1
Project("{888888A0-9F3D-457C-B088-3A5042F75D52}") = "MainRepo", "MainRepo\MainRepo.pyproj", "{B6F1233D-F2A0-4EDE-BA5B-1F93FA5BF651}"
EndProject
Global
	GlobalSection(SolutionConfigurationPlatforms) = preSolution
		Debug|Any CPU = Debug|Any CPU
		Release|Any CPU = Release|Any CPU
	EndGlobalSection
	GlobalSection(ProjectConfigurationPlatforms) = postSolution
		{B6F1233D-F2A0-4EDE-BA5B-1F93FA5BF651}.Debug|Any CPU.ActiveCfg = Debug|Any CPU
		{B6F1233D-F2A0-4EDE-BA5B-1F93FA5BF651}.Debug|Any CPU.Build.0 = Debug|Any CPU
		{B6F1233D-F2A0-4EDE-BA5B-1F93FA5BF651}.Release|Any CPU.ActiveCfg = Release|Any CPU
		{B6F1233D-F2A0-4EDE-BA5B-1F93FA5BF651}.Release|Any CPU.Build.0 = Release|Any CPU
	EndGlobalSection
	GlobalSection(SolutionProperties) = preSolution
		HideSolutionNode = FALSE
	EndGlobalSection
	GlobalSection(ExtensibilityGlobals) = postSolution
		SolutionGuid = {85F4D4A5-67FB-4721-91FC-C90472253F39}
	EndGlobalSection
EndGlobal
